// !$*UTF8*$!
{
	archiveVersion = 1;
	classes = {
	};
	objectVersion = 77;
	objects = {

/* Begin PBXBuildFile section */
		043560E92EF497A90020564E /* CoinLogoView.swift in Sources */ = {isa = PBXBuildFile; fileRef = 043560E82EF497A90020564E /* CoinLogoView.swift */; };
		044D60482E945E43007B7508 /* XMarkButton.swift in Sources */ = {isa = PBXBuildFile; fileRef = 044D60472E945E43007B7508 /* XMarkButton.swift */; };
		048F29032E8B228300D67162 /* PortfolioView.swift in Sources */ = {isa = PBXBuildFile; fileRef = 048F29022E8B228300D67162 /* PortfolioView.swift */; };
		0498BC122E7C9AAF0021B41D /* MarketDataModel.swift in Sources */ = {isa = PBXBuildFile; fileRef = 0498BC112E7C9AAE0021B41D /* MarketDataModel.swift */; };
		0498BC142E7CA3680021B41D /* MarketDataService.swift in Sources */ = {isa = PBXBuildFile; fileRef = 0498BC132E7CA3680021B41D /* MarketDataService.swift */; };
		04DE035E2E5611C500EA5A36 /* CircleButtonAnimationView.swift in Sources */ = {isa = PBXBuildFile; fileRef = 04DE033B2E5611C500EA5A36 /* CircleButtonAnimationView.swift */; };
		04DE035F2E5611C500EA5A36 /* CircleButtonView.swift in Sources */ = {isa = PBXBuildFile; fileRef = 04DE033C2E5611C500EA5A36 /* CircleButtonView.swift */; };
		04DE03602E5611C500EA5A36 /* CoinImageView.swift in Sources */ = {isa = PBXBuildFile; fileRef = 04DE033E2E5611C500EA5A36 /* CoinImageView.swift */; };
		04DE03612E5611C500EA5A36 /* CoinImageViewModel.swift in Sources */ = {isa = PBXBuildFile; fileRef = 04DE033F2E5611C500EA5A36 /* CoinImageViewModel.swift */; };
		04DE03622E5611C500EA5A36 /* SearchBarView.swift in Sources */ = {isa = PBXBuildFile; fileRef = 04DE03412E5611C500EA5A36 /* SearchBarView.swift */; };
		04DE03632E5611C500EA5A36 /* HomeViewModel.swift in Sources */ = {isa = PBXBuildFile; fileRef = 04DE03432E5611C500EA5A36 /* HomeViewModel.swift */; };
		04DE03642E5611C500EA5A36 /* CoinRowView.swift in Sources */ = {isa = PBXBuildFile; fileRef = 04DE03452E5611C500EA5A36 /* CoinRowView.swift */; };
		04DE03652E5611C500EA5A36 /* HomeView.swift in Sources */ = {isa = PBXBuildFile; fileRef = 04DE03462E5611C500EA5A36 /* HomeView.swift */; };
		04DE03662E5611C500EA5A36 /* DeveloperPreview.swift in Sources */ = {isa = PBXBuildFile; fileRef = 04DE034A2E5611C500EA5A36 /* DeveloperPreview.swift */; };
		04DE03672E5611C500EA5A36 /* Color.swift in Sources */ = {isa = PBXBuildFile; fileRef = 04DE034C2E5611C500EA5A36 /* Color.swift */; };
		04DE03682E5611C500EA5A36 /* Double.swift in Sources */ = {isa = PBXBuildFile; fileRef = 04DE034D2E5611C500EA5A36 /* Double.swift */; };
		04DE03692E5611C500EA5A36 /* UIApplication.swift in Sources */ = {isa = PBXBuildFile; fileRef = 04DE034E2E5611C500EA5A36 /* UIApplication.swift */; };
		04DE036A2E5611C500EA5A36 /* CoinModel.swift in Sources */ = {isa = PBXBuildFile; fileRef = 04DE03502E5611C500EA5A36 /* CoinModel.swift */; };
		04DE036B2E5611C500EA5A36 /* CoinDataService.swift in Sources */ = {isa = PBXBuildFile; fileRef = 04DE03542E5611C500EA5A36 /* CoinDataService.swift */; };
		04DE036C2E5611C500EA5A36 /* CoinImageService.swift in Sources */ = {isa = PBXBuildFile; fileRef = 04DE03552E5611C500EA5A36 /* CoinImageService.swift */; };
		04DE036D2E5611C500EA5A36 /* LocalFileManager.swift in Sources */ = {isa = PBXBuildFile; fileRef = 04DE03572E5611C500EA5A36 /* LocalFileManager.swift */; };
		04DE036E2E5611C500EA5A36 /* NetworkingManager.swift in Sources */ = {isa = PBXBuildFile; fileRef = 04DE03582E5611C500EA5A36 /* NetworkingManager.swift */; };
		04DE036F2E5611C500EA5A36 /* ContentView.swift in Sources */ = {isa = PBXBuildFile; fileRef = 04DE035B2E5611C500EA5A36 /* ContentView.swift */; };
		04DE03702E5611C500EA5A36 /* CryptoApp.swift in Sources */ = {isa = PBXBuildFile; fileRef = 04DE035C2E5611C500EA5A36 /* CryptoApp.swift */; };
		04DE03712E5611C500EA5A36 /* Preview Assets.xcassets in Resources */ = {isa = PBXBuildFile; fileRef = 04DE03522E5611C500EA5A36 /* Preview Assets.xcassets */; };
		04DE03722E5611C500EA5A36 /* Assets.xcassets in Resources */ = {isa = PBXBuildFile; fileRef = 04DE035A2E5611C500EA5A36 /* Assets.xcassets */; };
		04DE03742E58F2CC00EA5A36 /* StatisticModel.swift in Sources */ = {isa = PBXBuildFile; fileRef = 04DE03732E58F2CC00EA5A36 /* StatisticModel.swift */; };
		04DE03762E58F4CE00EA5A36 /* StatisticView.swift in Sources */ = {isa = PBXBuildFile; fileRef = 04DE03752E58F4CE00EA5A36 /* StatisticView.swift */; };
		04DE03782E58FE2A00EA5A36 /* HomeStatsView.swift in Sources */ = {isa = PBXBuildFile; fileRef = 04DE03772E58FE2A00EA5A36 /* HomeStatsView.swift */; };
/* End PBXBuildFile section */

/* Begin PBXFileReference section */
		043560E82EF497A90020564E /* CoinLogoView.swift */ = {isa = PBXFileReference; lastKnownFileType = sourcecode.swift; path = CoinLogoView.swift; sourceTree = "<group>"; };
		044D60472E945E43007B7508 /* XMarkButton.swift */ = {isa = PBXFileReference; lastKnownFileType = sourcecode.swift; path = XMarkButton.swift; sourceTree = "<group>"; };
		048F29022E8B228300D67162 /* PortfolioView.swift */ = {isa = PBXFileReference; lastKnownFileType = sourcecode.swift; path = PortfolioView.swift; sourceTree = "<group>"; };
		0498BC112E7C9AAE0021B41D /* MarketDataModel.swift */ = {isa = PBXFileReference; lastKnownFileType = sourcecode.swift; path = MarketDataModel.swift; sourceTree = "<group>"; };
		0498BC132E7CA3680021B41D /* MarketDataService.swift */ = {isa = PBXFileReference; lastKnownFileType = sourcecode.swift; path = MarketDataService.swift; sourceTree = "<group>"; };
		04DE033B2E5611C500EA5A36 /* CircleButtonAnimationView.swift */ = {isa = PBXFileReference; lastKnownFileType = sourcecode.swift; path = CircleButtonAnimationView.swift; sourceTree = "<group>"; };
		04DE033C2E5611C500EA5A36 /* CircleButtonView.swift */ = {isa = PBXFileReference; lastKnownFileType = sourcecode.swift; path = CircleButtonView.swift; sourceTree = "<group>"; };
		04DE033E2E5611C500EA5A36 /* CoinImageView.swift */ = {isa = PBXFileReference; lastKnownFileType = sourcecode.swift; path = CoinImageView.swift; sourceTree = "<group>"; };
		04DE033F2E5611C500EA5A36 /* CoinImageViewModel.swift */ = {isa = PBXFileReference; lastKnownFileType = sourcecode.swift; path = CoinImageViewModel.swift; sourceTree = "<group>"; };
		04DE03412E5611C500EA5A36 /* SearchBarView.swift */ = {isa = PBXFileReference; lastKnownFileType = sourcecode.swift; path = SearchBarView.swift; sourceTree = "<group>"; };
		04DE03432E5611C500EA5A36 /* HomeViewModel.swift */ = {isa = PBXFileReference; lastKnownFileType = sourcecode.swift; path = HomeViewModel.swift; sourceTree = "<group>"; };
		04DE03452E5611C500EA5A36 /* CoinRowView.swift */ = {isa = PBXFileReference; lastKnownFileType = sourcecode.swift; path = CoinRowView.swift; sourceTree = "<group>"; };
		04DE03462E5611C500EA5A36 /* HomeView.swift */ = {isa = PBXFileReference; lastKnownFileType = sourcecode.swift; path = HomeView.swift; sourceTree = "<group>"; };
		04DE034A2E5611C500EA5A36 /* DeveloperPreview.swift */ = {isa = PBXFileReference; lastKnownFileType = sourcecode.swift; path = DeveloperPreview.swift; sourceTree = "<group>"; };
		04DE034C2E5611C500EA5A36 /* Color.swift */ = {isa = PBXFileReference; lastKnownFileType = sourcecode.swift; path = Color.swift; sourceTree = "<group>"; };
		04DE034D2E5611C500EA5A36 /* Double.swift */ = {isa = PBXFileReference; lastKnownFileType = sourcecode.swift; path = Double.swift; sourceTree = "<group>"; };
		04DE034E2E5611C500EA5A36 /* UIApplication.swift */ = {isa = PBXFileReference; lastKnownFileType = sourcecode.swift; path = UIApplication.swift; sourceTree = "<group>"; };
		04DE03502E5611C500EA5A36 /* CoinModel.swift */ = {isa = PBXFileReference; lastKnownFileType = sourcecode.swift; path = CoinModel.swift; sourceTree = "<group>"; };
		04DE03522E5611C500EA5A36 /* Preview Assets.xcassets */ = {isa = PBXFileReference; lastKnownFileType = folder.assetcatalog; path = "Preview Assets.xcassets"; sourceTree = "<group>"; };
		04DE03542E5611C500EA5A36 /* CoinDataService.swift */ = {isa = PBXFileReference; lastKnownFileType = sourcecode.swift; path = CoinDataService.swift; sourceTree = "<group>"; };
		04DE03552E5611C500EA5A36 /* CoinImageService.swift */ = {isa = PBXFileReference; lastKnownFileType = sourcecode.swift; path = CoinImageService.swift; sourceTree = "<group>"; };
		04DE03572E5611C500EA5A36 /* LocalFileManager.swift */ = {isa = PBXFileReference; lastKnownFileType = sourcecode.swift; path = LocalFileManager.swift; sourceTree = "<group>"; };
		04DE03582E5611C500EA5A36 /* NetworkingManager.swift */ = {isa = PBXFileReference; lastKnownFileType = sourcecode.swift; path = NetworkingManager.swift; sourceTree = "<group>"; };
		04DE035A2E5611C500EA5A36 /* Assets.xcassets */ = {isa = PBXFileReference; lastKnownFileType = folder.assetcatalog; path = Assets.xcassets; sourceTree = "<group>"; };
		04DE035B2E5611C500EA5A36 /* ContentView.swift */ = {isa = PBXFileReference; lastKnownFileType = sourcecode.swift; path = ContentView.swift; sourceTree = "<group>"; };
		04DE035C2E5611C500EA5A36 /* CryptoApp.swift */ = {isa = PBXFileReference; lastKnownFileType = sourcecode.swift; path = CryptoApp.swift; sourceTree = "<group>"; };
		04DE03732E58F2CC00EA5A36 /* StatisticModel.swift */ = {isa = PBXFileReference; lastKnownFileType = sourcecode.swift; path = StatisticModel.swift; sourceTree = "<group>"; };
		04DE03752E58F4CE00EA5A36 /* StatisticView.swift */ = {isa = PBXFileReference; lastKnownFileType = sourcecode.swift; path = StatisticView.swift; sourceTree = "<group>"; };
		04DE03772E58FE2A00EA5A36 /* HomeStatsView.swift */ = {isa = PBXFileReference; lastKnownFileType = sourcecode.swift; path = HomeStatsView.swift; sourceTree = "<group>"; };
		04DFC08E2D9D8FE1005B347B /* Crypto.app */ = {isa = PBXFileReference; explicitFileType = wrapper.application; includeInIndex = 0; path = Crypto.app; sourceTree = BUILT_PRODUCTS_DIR; };
/* End PBXFileReference section */

/* Begin PBXFrameworksBuildPhase section */
		04DFC08B2D9D8FE1005B347B /* Frameworks */ = {
			isa = PBXFrameworksBuildPhase;
			buildActionMask = 2147483647;
			files = (
			);
			runOnlyForDeploymentPostprocessing = 0;
		};
/* End PBXFrameworksBuildPhase section */

/* Begin PBXGroup section */
		04DE033D2E5611C500EA5A36 /* CircleButton */ = {
			isa = PBXGroup;
			children = (
				04DE033B2E5611C500EA5A36 /* CircleButtonAnimationView.swift */,
				04DE033C2E5611C500EA5A36 /* CircleButtonView.swift */,
			);
			path = CircleButton;
			sourceTree = "<group>";
		};
		04DE03402E5611C500EA5A36 /* CoinImage */ = {
			isa = PBXGroup;
			children = (
				04DE033E2E5611C500EA5A36 /* CoinImageView.swift */,
				04DE033F2E5611C500EA5A36 /* CoinImageViewModel.swift */,
				043560E82EF497A90020564E /* CoinLogoView.swift */,
			);
			path = CoinImage;
			sourceTree = "<group>";
		};
		04DE03422E5611C500EA5A36 /* Components */ = {
			isa = PBXGroup;
			children = (
				04DE033D2E5611C500EA5A36 /* CircleButton */,
				04DE03402E5611C500EA5A36 /* CoinImage */,
				04DE03412E5611C500EA5A36 /* SearchBarView.swift */,
				04DE03752E58F4CE00EA5A36 /* StatisticView.swift */,
				044D60472E945E43007B7508 /* XMarkButton.swift */,
			);
			path = Components;
			sourceTree = "<group>";
		};
		04DE03442E5611C500EA5A36 /* ViewModels */ = {
			isa = PBXGroup;
			children = (
				04DE03432E5611C500EA5A36 /* HomeViewModel.swift */,
			);
			path = ViewModels;
			sourceTree = "<group>";
		};
		04DE03472E5611C500EA5A36 /* Views */ = {
			isa = PBXGroup;
			children = (
				04DE03452E5611C500EA5A36 /* CoinRowView.swift */,
				04DE03462E5611C500EA5A36 /* HomeView.swift */,
				04DE03772E58FE2A00EA5A36 /* HomeStatsView.swift */,
				048F29022E8B228300D67162 /* PortfolioView.swift */,
			);
			path = Views;
			sourceTree = "<group>";
		};
		04DE03482E5611C500EA5A36 /* Home */ = {
			isa = PBXGroup;
			children = (
				04DE03442E5611C500EA5A36 /* ViewModels */,
				04DE03472E5611C500EA5A36 /* Views */,
			);
			path = Home;
			sourceTree = "<group>";
		};
		04DE03492E5611C500EA5A36 /* Core */ = {
			isa = PBXGroup;
			children = (
				04DE03422E5611C500EA5A36 /* Components */,
				04DE03482E5611C500EA5A36 /* Home */,
			);
			path = Core;
			sourceTree = "<group>";
		};
		04DE034B2E5611C500EA5A36 /* DevUtils */ = {
			isa = PBXGroup;
			children = (
				04DE034A2E5611C500EA5A36 /* DeveloperPreview.swift */,
			);
			path = DevUtils;
			sourceTree = "<group>";
		};
		04DE034F2E5611C500EA5A36 /* Extensions */ = {
			isa = PBXGroup;
			children = (
				04DE034C2E5611C500EA5A36 /* Color.swift */,
				04DE034D2E5611C500EA5A36 /* Double.swift */,
				04DE034E2E5611C500EA5A36 /* UIApplication.swift */,
			);
			path = Extensions;
			sourceTree = "<group>";
		};
		04DE03512E5611C500EA5A36 /* Models */ = {
			isa = PBXGroup;
			children = (
				04DE03502E5611C500EA5A36 /* CoinModel.swift */,
				04DE03732E58F2CC00EA5A36 /* StatisticModel.swift */,
				0498BC112E7C9AAE0021B41D /* MarketDataModel.swift */,
			);
			path = Models;
			sourceTree = "<group>";
		};
		04DE03532E5611C500EA5A36 /* Preview Content */ = {
			isa = PBXGroup;
			children = (
				04DE03522E5611C500EA5A36 /* Preview Assets.xcassets */,
			);
			path = "Preview Content";
			sourceTree = "<group>";
		};
		04DE03562E5611C500EA5A36 /* Services */ = {
			isa = PBXGroup;
			children = (
				04DE03542E5611C500EA5A36 /* CoinDataService.swift */,
				04DE03552E5611C500EA5A36 /* CoinImageService.swift */,
				0498BC132E7CA3680021B41D /* MarketDataService.swift */,
			);
			path = Services;
			sourceTree = "<group>";
		};
		04DE03592E5611C500EA5A36 /* Utilities */ = {
			isa = PBXGroup;
			children = (
				04DE03572E5611C500EA5A36 /* LocalFileManager.swift */,
				04DE03582E5611C500EA5A36 /* NetworkingManager.swift */,
			);
			path = Utilities;
			sourceTree = "<group>";
		};
		04DE035D2E5611C500EA5A36 /* Crypto */ = {
			isa = PBXGroup;
			children = (
				04DE034B2E5611C500EA5A36 /* DevUtils */,
				04DE03592E5611C500EA5A36 /* Utilities */,
				04DE034F2E5611C500EA5A36 /* Extensions */,
				04DE03562E5611C500EA5A36 /* Services */,
				04DE03512E5611C500EA5A36 /* Models */,
				04DE03492E5611C500EA5A36 /* Core */,
				04DE035A2E5611C500EA5A36 /* Assets.xcassets */,
				04DE035B2E5611C500EA5A36 /* ContentView.swift */,
				04DE035C2E5611C500EA5A36 /* CryptoApp.swift */,
				04DE03532E5611C500EA5A36 /* Preview Content */,
			);
			path = Crypto;
			sourceTree = "<group>";
		};
		04DFC0852D9D8FE1005B347B = {
			isa = PBXGroup;
			children = (
				04DE035D2E5611C500EA5A36 /* Crypto */,
				04DFC08F2D9D8FE1005B347B /* Products */,
			);
			sourceTree = "<group>";
		};
		04DFC08F2D9D8FE1005B347B /* Products */ = {
			isa = PBXGroup;
			children = (
				04DFC08E2D9D8FE1005B347B /* Crypto.app */,
			);
			name = Products;
			sourceTree = "<group>";
		};
/* End PBXGroup section */

/* Begin PBXNativeTarget section */
		04DFC08D2D9D8FE1005B347B /* Crypto */ = {
			isa = PBXNativeTarget;
			buildConfigurationList = 04DFC09C2D9D8FE5005B347B /* Build configuration list for PBXNativeTarget "Crypto" */;
			buildPhases = (
				04DFC08A2D9D8FE1005B347B /* Sources */,
				04DFC08B2D9D8FE1005B347B /* Frameworks */,
				04DFC08C2D9D8FE1005B347B /* Resources */,
			);
			buildRules = (
			);
			dependencies = (
			);
			name = Crypto;
			packageProductDependencies = (
			);
			productName = Crypto;
			productReference = 04DFC08E2D9D8FE1005B347B /* Crypto.app */;
			productType = "com.apple.product-type.application";
		};
/* End PBXNativeTarget section */

/* Begin PBXProject section */
		04DFC0862D9D8FE1005B347B /* Project object */ = {
			isa = PBXProject;
			attributes = {
				BuildIndependentTargetsInParallel = 1;
				LastSwiftUpdateCheck = 1620;
				LastUpgradeCheck = 1620;
				TargetAttributes = {
					04DFC08D2D9D8FE1005B347B = {
						CreatedOnToolsVersion = 16.2;
					};
				};
			};
			buildConfigurationList = 04DFC0892D9D8FE1005B347B /* Build configuration list for PBXProject "Crypto" */;
			developmentRegion = en;
			hasScannedForEncodings = 0;
			knownRegions = (
				en,
				Base,
			);
			mainGroup = 04DFC0852D9D8FE1005B347B;
			minimizedProjectReferenceProxies = 1;
			preferredProjectObjectVersion = 77;
			productRefGroup = 04DFC08F2D9D8FE1005B347B /* Products */;
			projectDirPath = "";
			projectRoot = "";
			targets = (
				04DFC08D2D9D8FE1005B347B /* Crypto */,
			);
		};
/* End PBXProject section */

/* Begin PBXResourcesBuildPhase section */
		04DFC08C2D9D8FE1005B347B /* Resources */ = {
			isa = PBXResourcesBuildPhase;
			buildActionMask = 2147483647;
			files = (
				04DE03712E5611C500EA5A36 /* Preview Assets.xcassets in Resources */,
				04DE03722E5611C500EA5A36 /* Assets.xcassets in Resources */,
			);
			runOnlyForDeploymentPostprocessing = 0;
		};
/* End PBXResourcesBuildPhase section */

/* Begin PBXSourcesBuildPhase section */
		04DFC08A2D9D8FE1005B347B /* Sources */ = {
			isa = PBXSourcesBuildPhase;
			buildActionMask = 2147483647;
			files = (
				04DE03742E58F2CC00EA5A36 /* StatisticModel.swift in Sources */,
				04DE035E2E5611C500EA5A36 /* CircleButtonAnimationView.swift in Sources */,
				04DE035F2E5611C500EA5A36 /* CircleButtonView.swift in Sources */,
				044D60482E945E43007B7508 /* XMarkButton.swift in Sources */,
				04DE03602E5611C500EA5A36 /* CoinImageView.swift in Sources */,
				04DE03612E5611C500EA5A36 /* CoinImageViewModel.swift in Sources */,
				04DE03622E5611C500EA5A36 /* SearchBarView.swift in Sources */,
				0498BC122E7C9AAF0021B41D /* MarketDataModel.swift in Sources */,
				04DE03632E5611C500EA5A36 /* HomeViewModel.swift in Sources */,
				04DE03762E58F4CE00EA5A36 /* StatisticView.swift in Sources */,
				04DE03642E5611C500EA5A36 /* CoinRowView.swift in Sources */,
				04DE03652E5611C500EA5A36 /* HomeView.swift in Sources */,
				04DE03662E5611C500EA5A36 /* DeveloperPreview.swift in Sources */,
				04DE03672E5611C500EA5A36 /* Color.swift in Sources */,
				04DE03682E5611C500EA5A36 /* Double.swift in Sources */,
				04DE03692E5611C500EA5A36 /* UIApplication.swift in Sources */,
				04DE036A2E5611C500EA5A36 /* CoinModel.swift in Sources */,
				043560E92EF497A90020564E /* CoinLogoView.swift in Sources */,
				04DE03782E58FE2A00EA5A36 /* HomeStatsView.swift in Sources */,
				0498BC142E7CA3680021B41D /* MarketDataService.swift in Sources */,
				04DE036B2E5611C500EA5A36 /* CoinDataService.swift in Sources */,
				04DE036C2E5611C500EA5A36 /* CoinImageService.swift in Sources */,
				04DE036D2E5611C500EA5A36 /* LocalFileManager.swift in Sources */,
				048F29032E8B228300D67162 /* PortfolioView.swift in Sources */,
				04DE036E2E5611C500EA5A36 /* NetworkingManager.swift in Sources */,
				04DE036F2E5611C500EA5A36 /* ContentView.swift in Sources */,
				04DE03702E5611C500EA5A36 /* CryptoApp.swift in Sources */,
			);
			runOnlyForDeploymentPostprocessing = 0;
		};
/* End PBXSourcesBuildPhase section */

/* Begin XCBuildConfiguration section */
		04DFC09A2D9D8FE5005B347B /* Debug */ = {
			isa = XCBuildConfiguration;
			buildSettings = {
				ALWAYS_SEARCH_USER_PATHS = NO;
				ASSETCATALOG_COMPILER_GENERATE_SWIFT_ASSET_SYMBOL_EXTENSIONS = YES;
				CLANG_ANALYZER_NONNULL = YES;
				CLANG_ANALYZER_NUMBER_OBJECT_CONVERSION = YES_AGGRESSIVE;
				CLANG_CXX_LANGUAGE_STANDARD = "gnu++20";
				CLANG_ENABLE_MODULES = YES;
				CLANG_ENABLE_OBJC_ARC = YES;
				CLANG_ENABLE_OBJC_WEAK = YES;
				CLANG_WARN_BLOCK_CAPTURE_AUTORELEASING = YES;
				CLANG_WARN_BOOL_CONVERSION = YES;
				CLANG_WARN_COMMA = YES;
				CLANG_WARN_CONSTANT_CONVERSION = YES;
				CLANG_WARN_DEPRECATED_OBJC_IMPLEMENTATIONS = YES;
				CLANG_WARN_DIRECT_OBJC_ISA_USAGE = YES_ERROR;
				CLANG_WARN_DOCUMENTATION_COMMENTS = YES;
				CLANG_WARN_EMPTY_BODY = YES;
				CLANG_WARN_ENUM_CONVERSION = YES;
				CLANG_WARN_INFINITE_RECURSION = YES;
				CLANG_WARN_INT_CONVERSION = YES;
				CLANG_WARN_NON_LITERAL_NULL_CONVERSION = YES;
				CLANG_WARN_OBJC_IMPLICIT_RETAIN_SELF = YES;
				CLANG_WARN_OBJC_LITERAL_CONVERSION = YES;
				CLANG_WARN_OBJC_ROOT_CLASS = YES_ERROR;
				CLANG_WARN_QUOTED_INCLUDE_IN_FRAMEWORK_HEADER = YES;
				CLANG_WARN_RANGE_LOOP_ANALYSIS = YES;
				CLANG_WARN_STRICT_PROTOTYPES = YES;
				CLANG_WARN_SUSPICIOUS_MOVE = YES;
				CLANG_WARN_UNGUARDED_AVAILABILITY = YES_AGGRESSIVE;
				CLANG_WARN_UNREACHABLE_CODE = YES;
				CLANG_WARN__DUPLICATE_METHOD_MATCH = YES;
				COPY_PHASE_STRIP = NO;
				DEBUG_INFORMATION_FORMAT = dwarf;
				ENABLE_STRICT_OBJC_MSGSEND = YES;
				ENABLE_TESTABILITY = YES;
				ENABLE_USER_SCRIPT_SANDBOXING = YES;
				GCC_C_LANGUAGE_STANDARD = gnu17;
				GCC_DYNAMIC_NO_PIC = NO;
				GCC_NO_COMMON_BLOCKS = YES;
				GCC_OPTIMIZATION_LEVEL = 0;
				GCC_PREPROCESSOR_DEFINITIONS = (
					"DEBUG=1",
					"$(inherited)",
				);
				GCC_WARN_64_TO_32_BIT_CONVERSION = YES;
				GCC_WARN_ABOUT_RETURN_TYPE = YES_ERROR;
				GCC_WARN_UNDECLARED_SELECTOR = YES;
				GCC_WARN_UNINITIALIZED_AUTOS = YES_AGGRESSIVE;
				GCC_WARN_UNUSED_FUNCTION = YES;
				GCC_WARN_UNUSED_VARIABLE = YES;
				IPHONEOS_DEPLOYMENT_TARGET = 18.2;
				LOCALIZATION_PREFERS_STRING_CATALOGS = YES;
				MTL_ENABLE_DEBUG_INFO = INCLUDE_SOURCE;
				MTL_FAST_MATH = YES;
				ONLY_ACTIVE_ARCH = YES;
				SDKROOT = iphoneos;
				SWIFT_ACTIVE_COMPILATION_CONDITIONS = "DEBUG $(inherited)";
				SWIFT_OPTIMIZATION_LEVEL = "-Onone";
			};
			name = Debug;
		};
		04DFC09B2D9D8FE5005B347B /* Release */ = {
			isa = XCBuildConfiguration;
			buildSettings = {
				ALWAYS_SEARCH_USER_PATHS = NO;
				ASSETCATALOG_COMPILER_GENERATE_SWIFT_ASSET_SYMBOL_EXTENSIONS = YES;
				CLANG_ANALYZER_NONNULL = YES;
				CLANG_ANALYZER_NUMBER_OBJECT_CONVERSION = YES_AGGRESSIVE;
				CLANG_CXX_LANGUAGE_STANDARD = "gnu++20";
				CLANG_ENABLE_MODULES = YES;
				CLANG_ENABLE_OBJC_ARC = YES;
				CLANG_ENABLE_OBJC_WEAK = YES;
				CLANG_WARN_BLOCK_CAPTURE_AUTORELEASING = YES;
				CLANG_WARN_BOOL_CONVERSION = YES;
				CLANG_WARN_COMMA = YES;
				CLANG_WARN_CONSTANT_CONVERSION = YES;
				CLANG_WARN_DEPRECATED_OBJC_IMPLEMENTATIONS = YES;
				CLANG_WARN_DIRECT_OBJC_ISA_USAGE = YES_ERROR;
				CLANG_WARN_DOCUMENTATION_COMMENTS = YES;
				CLANG_WARN_EMPTY_BODY = YES;
				CLANG_WARN_ENUM_CONVERSION = YES;
				CLANG_WARN_INFINITE_RECURSION = YES;
				CLANG_WARN_INT_CONVERSION = YES;
				CLANG_WARN_NON_LITERAL_NULL_CONVERSION = YES;
				CLANG_WARN_OBJC_IMPLICIT_RETAIN_SELF = YES;
				CLANG_WARN_OBJC_LITERAL_CONVERSION = YES;
				CLANG_WARN_OBJC_ROOT_CLASS = YES_ERROR;
				CLANG_WARN_QUOTED_INCLUDE_IN_FRAMEWORK_HEADER = YES;
				CLANG_WARN_RANGE_LOOP_ANALYSIS = YES;
				CLANG_WARN_STRICT_PROTOTYPES = YES;
				CLANG_WARN_SUSPICIOUS_MOVE = YES;
				CLANG_WARN_UNGUARDED_AVAILABILITY = YES_AGGRESSIVE;
				CLANG_WARN_UNREACHABLE_CODE = YES;
				CLANG_WARN__DUPLICATE_METHOD_MATCH = YES;
				COPY_PHASE_STRIP = NO;
				DEBUG_INFORMATION_FORMAT = "dwarf-with-dsym";
				ENABLE_NS_ASSERTIONS = NO;
				ENABLE_STRICT_OBJC_MSGSEND = YES;
				ENABLE_USER_SCRIPT_SANDBOXING = YES;
				GCC_C_LANGUAGE_STANDARD = gnu17;
				GCC_NO_COMMON_BLOCKS = YES;
				GCC_WARN_64_TO_32_BIT_CONVERSION = YES;
				GCC_WARN_ABOUT_RETURN_TYPE = YES_ERROR;
				GCC_WARN_UNDECLARED_SELECTOR = YES;
				GCC_WARN_UNINITIALIZED_AUTOS = YES_AGGRESSIVE;
				GCC_WARN_UNUSED_FUNCTION = YES;
				GCC_WARN_UNUSED_VARIABLE = YES;
				IPHONEOS_DEPLOYMENT_TARGET = 18.2;
				LOCALIZATION_PREFERS_STRING_CATALOGS = YES;
				MTL_ENABLE_DEBUG_INFO = NO;
				MTL_FAST_MATH = YES;
				SDKROOT = iphoneos;
				SWIFT_COMPILATION_MODE = wholemodule;
				VALIDATE_PRODUCT = YES;
			};
			name = Release;
		};
		04DFC09D2D9D8FE5005B347B /* Debug */ = {
			isa = XCBuildConfiguration;
			buildSettings = {
				ASSETCATALOG_COMPILER_APPICON_NAME = AppIcon;
				ASSETCATALOG_COMPILER_GLOBAL_ACCENT_COLOR_NAME = AccentColor;
				CODE_SIGN_STYLE = Automatic;
				CURRENT_PROJECT_VERSION = 1;
				DEVELOPMENT_ASSET_PATHS = "\"Crypto/Preview Content\"";
				DEVELOPMENT_TEAM = WUYW2M544B;
				ENABLE_PREVIEWS = YES;
				GENERATE_INFOPLIST_FILE = YES;
				INFOPLIST_KEY_CFBundleDisplayName = "Crypto Tracker";
				INFOPLIST_KEY_UIApplicationSceneManifest_Generation = YES;
				INFOPLIST_KEY_UIApplicationSupportsIndirectInputEvents = YES;
				INFOPLIST_KEY_UILaunchScreen_Generation = YES;
				INFOPLIST_KEY_UISupportedInterfaceOrientations = UIInterfaceOrientationPortrait;
				INFOPLIST_KEY_UISupportedInterfaceOrientations_iPad = "UIInterfaceOrientationLandscapeLeft UIInterfaceOrientationLandscapeRight UIInterfaceOrientationPortrait UIInterfaceOrientationPortraitUpsideDown";
				LD_RUNPATH_SEARCH_PATHS = (
					"$(inherited)",
					"@executable_path/Frameworks",
				);
				MARKETING_VERSION = 1.0;
				PRODUCT_BUNDLE_IDENTIFIER = kudzinp.Crypto;
				PRODUCT_NAME = "$(TARGET_NAME)";
				SWIFT_EMIT_LOC_STRINGS = YES;
				SWIFT_VERSION = 5.0;
				TARGETED_DEVICE_FAMILY = "1,2";
			};
			name = Debug;
		};
		04DFC09E2D9D8FE5005B347B /* Release */ = {
			isa = XCBuildConfiguration;
			buildSettings = {
				ASSETCATALOG_COMPILER_APPICON_NAME = AppIcon;
				ASSETCATALOG_COMPILER_GLOBAL_ACCENT_COLOR_NAME = AccentColor;
				CODE_SIGN_STYLE = Automatic;
				CURRENT_PROJECT_VERSION = 1;
				DEVELOPMENT_ASSET_PATHS = "\"Crypto/Preview Content\"";
				DEVELOPMENT_TEAM = WUYW2M544B;
				ENABLE_PREVIEWS = YES;
				GENERATE_INFOPLIST_FILE = YES;
				INFOPLIST_KEY_CFBundleDisplayName = "Crypto Tracker";
				INFOPLIST_KEY_UIApplicationSceneManifest_Generation = YES;
				INFOPLIST_KEY_UIApplicationSupportsIndirectInputEvents = YES;
				INFOPLIST_KEY_UILaunchScreen_Generation = YES;
				INFOPLIST_KEY_UISupportedInterfaceOrientations = UIInterfaceOrientationPortrait;
				INFOPLIST_KEY_UISupportedInterfaceOrientations_iPad = "UIInterfaceOrientationLandscapeLeft UIInterfaceOrientationLandscapeRight UIInterfaceOrientationPortrait UIInterfaceOrientationPortraitUpsideDown";
				LD_RUNPATH_SEARCH_PATHS = (
					"$(inherited)",
					"@executable_path/Frameworks",
				);
				MARKETING_VERSION = 1.0;
				PRODUCT_BUNDLE_IDENTIFIER = kudzinp.Crypto;
				PRODUCT_NAME = "$(TARGET_NAME)";
				SWIFT_EMIT_LOC_STRINGS = YES;
				SWIFT_VERSION = 5.0;
				TARGETED_DEVICE_FAMILY = "1,2";
			};
			name = Release;
		};
/* End XCBuildConfiguration section */

/* Begin XCConfigurationList section */
		04DFC0892D9D8FE1005B347B /* Build configuration list for PBXProject "Crypto" */ = {
			isa = XCConfigurationList;
			buildConfigurations = (
				04DFC09A2D9D8FE5005B347B /* Debug */,
				04DFC09B2D9D8FE5005B347B /* Release */,
			);
			defaultConfigurationIsVisible = 0;
			defaultConfigurationName = Release;
		};
		04DFC09C2D9D8FE5005B347B /* Build configuration list for PBXNativeTarget "Crypto" */ = {
			isa = XCConfigurationList;
			buildConfigurations = (
				04DFC09D2D9D8FE5005B347B /* Debug */,
				04DFC09E2D9D8FE5005B347B /* Release */,
			);
			defaultConfigurationIsVisible = 0;
			defaultConfigurationName = Release;
		};
/* End XCConfigurationList section */
	};
	rootObject = 04DFC0862D9D8FE1005B347B /* Project object */;
}
